// !$*UTF8*$!
{
	archiveVersion = 1;
	classes = {
	};
	objectVersion = 46;
	objects = {

/* Begin PBXBuildFile section */
		09EEE3AC1F0107C5000152C0 /* main.m in Sources */ = {isa = PBXBuildFile; fileRef = 09EEE3AB1F0107C5000152C0 /* main.m */; };
		09EEE3AF1F0107C5000152C0 /* AppDelegate.m in Sources */ = {isa = PBXBuildFile; fileRef = 09EEE3AE1F0107C5000152C0 /* AppDelegate.m */; };
		09EEE3B21F0107C5000152C0 /* ViewController.m in Sources */ = {isa = PBXBuildFile; fileRef = 09EEE3B11F0107C5000152C0 /* ViewController.m */; };
		09EEE3B71F0107C5000152C0 /* Assets.xcassets in Resources */ = {isa = PBXBuildFile; fileRef = 09EEE3B61F0107C5000152C0 /* Assets.xcassets */; };
		09EEE3C51F0107C5000152C0 /* QRCodeDemoTests.m in Sources */ = {isa = PBXBuildFile; fileRef = 09EEE3C41F0107C5000152C0 /* QRCodeDemoTests.m */; };
		09EEE3D01F0107C5000152C0 /* QRCodeDemoUITests.m in Sources */ = {isa = PBXBuildFile; fileRef = 09EEE3CF1F0107C5000152C0 /* QRCodeDemoUITests.m */; };
		09EEE3E31F010DC0000152C0 /* JYQRScanController.m in Sources */ = {isa = PBXBuildFile; fileRef = 09EEE3E21F010DC0000152C0 /* JYQRScanController.m */; };
		09EEE3F31F028C5C000152C0 /* WebViewController.m in Sources */ = {isa = PBXBuildFile; fileRef = 09EEE3F21F028C5C000152C0 /* WebViewController.m */; };
		09F1F10E1F037EA400EEFE36 /* JYQRCodeTool.m in Sources */ = {isa = PBXBuildFile; fileRef = 09F1F10C1F037EA400EEFE36 /* JYQRCodeTool.m */; };
		09F1F10F1F037EA400EEFE36 /* sound.wav in Resources */ = {isa = PBXBuildFile; fileRef = 09F1F10D1F037EA400EEFE36 /* sound.wav */; };
		09F1F1121F037EB500EEFE36 /* JYScanRectView.m in Sources */ = {isa = PBXBuildFile; fileRef = 09F1F1111F037EB500EEFE36 /* JYScanRectView.m */; };
		09F1F1141F0384FB00EEFE36 /* logo@2x.png in Resources */ = {isa = PBXBuildFile; fileRef = 09F1F1131F0384FB00EEFE36 /* logo@2x.png */; };
/* End PBXBuildFile section */

/* Begin PBXContainerItemProxy section */
		09EEE3C11F0107C5000152C0 /* PBXContainerItemProxy */ = {
			isa = PBXContainerItemProxy;
			containerPortal = 09EEE39F1F0107C5000152C0 /* Project object */;
			proxyType = 1;
			remoteGlobalIDString = 09EEE3A61F0107C5000152C0;
			remoteInfo = QRCodeDemo;
		};
		09EEE3CC1F0107C5000152C0 /* PBXContainerItemProxy */ = {
			isa = PBXContainerItemProxy;
			containerPortal = 09EEE39F1F0107C5000152C0 /* Project object */;
			proxyType = 1;
			remoteGlobalIDString = 09EEE3A61F0107C5000152C0;
			remoteInfo = QRCodeDemo;
		};
/* End PBXContainerItemProxy section */

/* Begin PBXFileReference section */
		09EEE3A71F0107C5000152C0 /* QRCodeDemo.app */ = {isa = PBXFileReference; explicitFileType = wrapper.application; includeInIndex = 0; path = QRCodeDemo.app; sourceTree = BUILT_PRODUCTS_DIR; };
		09EEE3AB1F0107C5000152C0 /* main.m */ = {isa = PBXFileReference; lastKnownFileType = sourcecode.c.objc; path = main.m; sourceTree = "<group>"; };
		09EEE3AD1F0107C5000152C0 /* AppDelegate.h */ = {isa = PBXFileReference; lastKnownFileType = sourcecode.c.h; path = AppDelegate.h; sourceTree = "<group>"; };
		09EEE3AE1F0107C5000152C0 /* AppDelegate.m */ = {isa = PBXFileReference; lastKnownFileType = sourcecode.c.objc; path = AppDelegate.m; sourceTree = "<group>"; };
		09EEE3B01F0107C5000152C0 /* ViewController.h */ = {isa = PBXFileReference; lastKnownFileType = sourcecode.c.h; path = ViewController.h; sourceTree = "<group>"; };
		09EEE3B11F0107C5000152C0 /* ViewController.m */ = {isa = PBXFileReference; lastKnownFileType = sourcecode.c.objc; path = ViewController.m; sourceTree = "<group>"; };
		09EEE3B61F0107C5000152C0 /* Assets.xcassets */ = {isa = PBXFileReference; lastKnownFileType = folder.assetcatalog; path = Assets.xcassets; sourceTree = "<group>"; };
		09EEE3BB1F0107C5000152C0 /* Info.plist */ = {isa = PBXFileReference; lastKnownFileType = text.plist.xml; path = Info.plist; sourceTree = "<group>"; };
		09EEE3C01F0107C5000152C0 /* QRCodeDemoTests.xctest */ = {isa = PBXFileReference; explicitFileType = wrapper.cfbundle; includeInIndex = 0; path = QRCodeDemoTests.xctest; sourceTree = BUILT_PRODUCTS_DIR; };
		09EEE3C41F0107C5000152C0 /* QRCodeDemoTests.m */ = {isa = PBXFileReference; lastKnownFileType = sourcecode.c.objc; path = QRCodeDemoTests.m; sourceTree = "<group>"; };
		09EEE3C61F0107C5000152C0 /* Info.plist */ = {isa = PBXFileReference; lastKnownFileType = text.plist.xml; path = Info.plist; sourceTree = "<group>"; };
		09EEE3CB1F0107C5000152C0 /* QRCodeDemoUITests.xctest */ = {isa = PBXFileReference; explicitFileType = wrapper.cfbundle; includeInIndex = 0; path = QRCodeDemoUITests.xctest; sourceTree = BUILT_PRODUCTS_DIR; };
		09EEE3CF1F0107C5000152C0 /* QRCodeDemoUITests.m */ = {isa = PBXFileReference; lastKnownFileType = sourcecode.c.objc; path = QRCodeDemoUITests.m; sourceTree = "<group>"; };
		09EEE3D11F0107C5000152C0 /* Info.plist */ = {isa = PBXFileReference; lastKnownFileType = text.plist.xml; path = Info.plist; sourceTree = "<group>"; };
		09EEE3E11F010DC0000152C0 /* JYQRScanController.h */ = {isa = PBXFileReference; fileEncoding = 4; lastKnownFileType = sourcecode.c.h; name = JYQRScanController.h; path = JYQRCode/JYQRScanController.h; sourceTree = "<group>"; };
		09EEE3E21F010DC0000152C0 /* JYQRScanController.m */ = {isa = PBXFileReference; fileEncoding = 4; lastKnownFileType = sourcecode.c.objc; name = JYQRScanController.m; path = JYQRCode/JYQRScanController.m; sourceTree = "<group>"; };
		09EEE3F11F028C5C000152C0 /* WebViewController.h */ = {isa = PBXFileReference; fileEncoding = 4; lastKnownFileType = sourcecode.c.h; path = WebViewController.h; sourceTree = "<group>"; };
		09EEE3F21F028C5C000152C0 /* WebViewController.m */ = {isa = PBXFileReference; fileEncoding = 4; lastKnownFileType = sourcecode.c.objc; path = WebViewController.m; sourceTree = "<group>"; };
		09F1F10B1F037EA400EEFE36 /* JYQRCodeTool.h */ = {isa = PBXFileReference; fileEncoding = 4; lastKnownFileType = sourcecode.c.h; name = JYQRCodeTool.h; path = JYQRCode/JYQRCodeTools/JYQRCodeTool.h; sourceTree = "<group>"; };
		09F1F10C1F037EA400EEFE36 /* JYQRCodeTool.m */ = {isa = PBXFileReference; fileEncoding = 4; lastKnownFileType = sourcecode.c.objc; name = JYQRCodeTool.m; path = JYQRCode/JYQRCodeTools/JYQRCodeTool.m; sourceTree = "<group>"; };
		09F1F10D1F037EA400EEFE36 /* sound.wav */ = {isa = PBXFileReference; lastKnownFileType = audio.wav; name = sound.wav; path = JYQRCode/JYQRCodeTools/sound.wav; sourceTree = "<group>"; };
		09F1F1101F037EB500EEFE36 /* JYScanRectView.h */ = {isa = PBXFileReference; fileEncoding = 4; lastKnownFileType = sourcecode.c.h; name = JYScanRectView.h; path = JYQRCode/Views/JYScanRectView.h; sourceTree = "<group>"; };
		09F1F1111F037EB500EEFE36 /* JYScanRectView.m */ = {isa = PBXFileReference; fileEncoding = 4; lastKnownFileType = sourcecode.c.objc; name = JYScanRectView.m; path = JYQRCode/Views/JYScanRectView.m; sourceTree = "<group>"; };
		09F1F1131F0384FB00EEFE36 /* logo@2x.png */ = {isa = PBXFileReference; lastKnownFileType = image.png; name = "logo@2x.png"; path = "JYQRCode/JYQRCodeTools/logo@2x.png"; sourceTree = "<group>"; };
/* End PBXFileReference section */

/* Begin PBXFrameworksBuildPhase section */
		09EEE3A41F0107C5000152C0 /* Frameworks */ = {
			isa = PBXFrameworksBuildPhase;
			buildActionMask = 2147483647;
			files = (
			);
			runOnlyForDeploymentPostprocessing = 0;
		};
		09EEE3BD1F0107C5000152C0 /* Frameworks */ = {
			isa = PBXFrameworksBuildPhase;
			buildActionMask = 2147483647;
			files = (
			);
			runOnlyForDeploymentPostprocessing = 0;
		};
		09EEE3C81F0107C5000152C0 /* Frameworks */ = {
			isa = PBXFrameworksBuildPhase;
			buildActionMask = 2147483647;
			files = (
			);
			runOnlyForDeploymentPostprocessing = 0;
		};
/* End PBXFrameworksBuildPhase section */

/* Begin PBXGroup section */
		09EEE39E1F0107C5000152C0 = {
			isa = PBXGroup;
			children = (
				09EEE3A91F0107C5000152C0 /* QRCodeDemo */,
				09EEE3C31F0107C5000152C0 /* QRCodeDemoTests */,
				09EEE3CE1F0107C5000152C0 /* QRCodeDemoUITests */,
				09EEE3A81F0107C5000152C0 /* Products */,
			);
			sourceTree = "<group>";
		};
		09EEE3A81F0107C5000152C0 /* Products */ = {
			isa = PBXGroup;
			children = (
				09EEE3A71F0107C5000152C0 /* QRCodeDemo.app */,
				09EEE3C01F0107C5000152C0 /* QRCodeDemoTests.xctest */,
				09EEE3CB1F0107C5000152C0 /* QRCodeDemoUITests.xctest */,
			);
			name = Products;
			sourceTree = "<group>";
		};
		09EEE3A91F0107C5000152C0 /* QRCodeDemo */ = {
			isa = PBXGroup;
			children = (
				09EEE3DD1F010BB1000152C0 /* JYQRCode */,
				09EEE3AD1F0107C5000152C0 /* AppDelegate.h */,
				09EEE3AE1F0107C5000152C0 /* AppDelegate.m */,
				09EEE3B01F0107C5000152C0 /* ViewController.h */,
				09EEE3B11F0107C5000152C0 /* ViewController.m */,
				09EEE3F11F028C5C000152C0 /* WebViewController.h */,
				09EEE3F21F028C5C000152C0 /* WebViewController.m */,
				09EEE3B61F0107C5000152C0 /* Assets.xcassets */,
				09EEE3BB1F0107C5000152C0 /* Info.plist */,
				09EEE3AA1F0107C5000152C0 /* Supporting Files */,
			);
			path = QRCodeDemo;
			sourceTree = "<group>";
		};
		09EEE3AA1F0107C5000152C0 /* Supporting Files */ = {
			isa = PBXGroup;
			children = (
				09EEE3AB1F0107C5000152C0 /* main.m */,
			);
			name = "Supporting Files";
			sourceTree = "<group>";
		};
		09EEE3C31F0107C5000152C0 /* QRCodeDemoTests */ = {
			isa = PBXGroup;
			children = (
				09EEE3C41F0107C5000152C0 /* QRCodeDemoTests.m */,
				09EEE3C61F0107C5000152C0 /* Info.plist */,
			);
			path = QRCodeDemoTests;
			sourceTree = "<group>";
		};
		09EEE3CE1F0107C5000152C0 /* QRCodeDemoUITests */ = {
			isa = PBXGroup;
			children = (
				09EEE3CF1F0107C5000152C0 /* QRCodeDemoUITests.m */,
				09EEE3D11F0107C5000152C0 /* Info.plist */,
			);
			path = QRCodeDemoUITests;
			sourceTree = "<group>";
		};
		09EEE3DD1F010BB1000152C0 /* JYQRCode */ = {
			isa = PBXGroup;
			children = (
				09EEE3EC1F0263F1000152C0 /* JYQRCodeTools */,
				09EEE3F01F0264BC000152C0 /* Views */,
				09EEE3E11F010DC0000152C0 /* JYQRScanController.h */,
				09EEE3E21F010DC0000152C0 /* JYQRScanController.m */,
			);
			name = JYQRCode;
			sourceTree = "<group>";
		};
		09EEE3EC1F0263F1000152C0 /* JYQRCodeTools */ = {
			isa = PBXGroup;
			children = (
				09F1F1131F0384FB00EEFE36 /* logo@2x.png */,
				09F1F10D1F037EA400EEFE36 /* sound.wav */,
				09F1F10B1F037EA400EEFE36 /* JYQRCodeTool.h */,
				09F1F10C1F037EA400EEFE36 /* JYQRCodeTool.m */,
			);
			name = JYQRCodeTools;
			sourceTree = "<group>";
		};
		09EEE3F01F0264BC000152C0 /* Views */ = {
			isa = PBXGroup;
			children = (
				09F1F1101F037EB500EEFE36 /* JYScanRectView.h */,
				09F1F1111F037EB500EEFE36 /* JYScanRectView.m */,
			);
			name = Views;
			sourceTree = "<group>";
		};
/* End PBXGroup section */

/* Begin PBXNativeTarget section */
		09EEE3A61F0107C5000152C0 /* QRCodeDemo */ = {
			isa = PBXNativeTarget;
			buildConfigurationList = 09EEE3D41F0107C5000152C0 /* Build configuration list for PBXNativeTarget "QRCodeDemo" */;
			buildPhases = (
				09EEE3A31F0107C5000152C0 /* Sources */,
				09EEE3A41F0107C5000152C0 /* Frameworks */,
				09EEE3A51F0107C5000152C0 /* Resources */,
			);
			buildRules = (
			);
			dependencies = (
			);
			name = QRCodeDemo;
			productName = QRCodeDemo;
			productReference = 09EEE3A71F0107C5000152C0 /* QRCodeDemo.app */;
			productType = "com.apple.product-type.application";
		};
		09EEE3BF1F0107C5000152C0 /* QRCodeDemoTests */ = {
			isa = PBXNativeTarget;
			buildConfigurationList = 09EEE3D71F0107C5000152C0 /* Build configuration list for PBXNativeTarget "QRCodeDemoTests" */;
			buildPhases = (
				09EEE3BC1F0107C5000152C0 /* Sources */,
				09EEE3BD1F0107C5000152C0 /* Frameworks */,
				09EEE3BE1F0107C5000152C0 /* Resources */,
			);
			buildRules = (
			);
			dependencies = (
				09EEE3C21F0107C5000152C0 /* PBXTargetDependency */,
			);
			name = QRCodeDemoTests;
			productName = QRCodeDemoTests;
			productReference = 09EEE3C01F0107C5000152C0 /* QRCodeDemoTests.xctest */;
			productType = "com.apple.product-type.bundle.unit-test";
		};
		09EEE3CA1F0107C5000152C0 /* QRCodeDemoUITests */ = {
			isa = PBXNativeTarget;
			buildConfigurationList = 09EEE3DA1F0107C5000152C0 /* Build configuration list for PBXNativeTarget "QRCodeDemoUITests" */;
			buildPhases = (
				09EEE3C71F0107C5000152C0 /* Sources */,
				09EEE3C81F0107C5000152C0 /* Frameworks */,
				09EEE3C91F0107C5000152C0 /* Resources */,
			);
			buildRules = (
			);
			dependencies = (
				09EEE3CD1F0107C5000152C0 /* PBXTargetDependency */,
			);
			name = QRCodeDemoUITests;
			productName = QRCodeDemoUITests;
			productReference = 09EEE3CB1F0107C5000152C0 /* QRCodeDemoUITests.xctest */;
			productType = "com.apple.product-type.bundle.ui-testing";
		};
/* End PBXNativeTarget section */

/* Begin PBXProject section */
		09EEE39F1F0107C5000152C0 /* Project object */ = {
			isa = PBXProject;
			attributes = {
				LastUpgradeCheck = 0830;
				ORGANIZATIONNAME = jyw;
				TargetAttributes = {
					09EEE3A61F0107C5000152C0 = {
						CreatedOnToolsVersion = 8.3.3;
						DevelopmentTeam = 368DWFGUA5;
						ProvisioningStyle = Automatic;
					};
					09EEE3BF1F0107C5000152C0 = {
						CreatedOnToolsVersion = 8.3.3;
						DevelopmentTeam = 368DWFGUA5;
						ProvisioningStyle = Automatic;
						TestTargetID = 09EEE3A61F0107C5000152C0;
					};
					09EEE3CA1F0107C5000152C0 = {
						CreatedOnToolsVersion = 8.3.3;
						DevelopmentTeam = 368DWFGUA5;
						ProvisioningStyle = Automatic;
						TestTargetID = 09EEE3A61F0107C5000152C0;
					};
				};
			};
			buildConfigurationList = 09EEE3A21F0107C5000152C0 /* Build configuration list for PBXProject "QRCodeDemo" */;
			compatibilityVersion = "Xcode 3.2";
			developmentRegion = English;
			hasScannedForEncodings = 0;
			knownRegions = (
				en,
				Base,
			);
			mainGroup = 09EEE39E1F0107C5000152C0;
			productRefGroup = 09EEE3A81F0107C5000152C0 /* Products */;
			projectDirPath = "";
			projectRoot = "";
			targets = (
				09EEE3A61F0107C5000152C0 /* QRCodeDemo */,
				09EEE3BF1F0107C5000152C0 /* QRCodeDemoTests */,
				09EEE3CA1F0107C5000152C0 /* QRCodeDemoUITests */,
			);
		};
/* End PBXProject section */

/* Begin PBXResourcesBuildPhase section */
		09EEE3A51F0107C5000152C0 /* Resources */ = {
			isa = PBXResourcesBuildPhase;
			buildActionMask = 2147483647;
			files = (
				09F1F10F1F037EA400EEFE36 /* sound.wav in Resources */,
				09F1F1141F0384FB00EEFE36 /* logo@2x.png in Resources */,
				09EEE3B71F0107C5000152C0 /* Assets.xcassets in Resources */,
			);
			runOnlyForDeploymentPostprocessing = 0;
		};
		09EEE3BE1F0107C5000152C0 /* Resources */ = {
			isa = PBXResourcesBuildPhase;
			buildActionMask = 2147483647;
			files = (
			);
			runOnlyForDeploymentPostprocessing = 0;
		};
		09EEE3C91F0107C5000152C0 /* Resources */ = {
			isa = PBXResourcesBuildPhase;
			buildActionMask = 2147483647;
			files = (
			);
			runOnlyForDeploymentPostprocessing = 0;
		};
/* End PBXResourcesBuildPhase section */

/* Begin PBXSourcesBuildPhase section */
		09EEE3A31F0107C5000152C0 /* Sources */ = {
			isa = PBXSourcesBuildPhase;
			buildActionMask = 2147483647;
			files = (
				09EEE3B21F0107C5000152C0 /* ViewController.m in Sources */,
				09EEE3F31F028C5C000152C0 /* WebViewController.m in Sources */,
				09EEE3AF1F0107C5000152C0 /* AppDelegate.m in Sources */,
				09EEE3E31F010DC0000152C0 /* JYQRScanController.m in Sources */,
				09F1F1121F037EB500EEFE36 /* JYScanRectView.m in Sources */,
				09F1F10E1F037EA400EEFE36 /* JYQRCodeTool.m in Sources */,
				09EEE3AC1F0107C5000152C0 /* main.m in Sources */,
			);
			runOnlyForDeploymentPostprocessing = 0;
		};
		09EEE3BC1F0107C5000152C0 /* Sources */ = {
			isa = PBXSourcesBuildPhase;
			buildActionMask = 2147483647;
			files = (
				09EEE3C51F0107C5000152C0 /* QRCodeDemoTests.m in Sources */,
			);
			runOnlyForDeploymentPostprocessing = 0;
		};
		09EEE3C71F0107C5000152C0 /* Sources */ = {
			isa = PBXSourcesBuildPhase;
			buildActionMask = 2147483647;
			files = (
				09EEE3D01F0107C5000152C0 /* QRCodeDemoUITests.m in Sources */,
			);
			runOnlyForDeploymentPostprocessing = 0;
		};
/* End PBXSourcesBuildPhase section */

/* Begin PBXTargetDependency section */
		09EEE3C21F0107C5000152C0 /* PBXTargetDependency */ = {
			isa = PBXTargetDependency;
			target = 09EEE3A61F0107C5000152C0 /* QRCodeDemo */;
			targetProxy = 09EEE3C11F0107C5000152C0 /* PBXContainerItemProxy */;
		};
		09EEE3CD1F0107C5000152C0 /* PBXTargetDependency */ = {
			isa = PBXTargetDependency;
			target = 09EEE3A61F0107C5000152C0 /* QRCodeDemo */;
			targetProxy = 09EEE3CC1F0107C5000152C0 /* PBXContainerItemProxy */;
		};
/* End PBXTargetDependency section */

/* Begin XCBuildConfiguration section */
		09EEE3D21F0107C5000152C0 /* Debug */ = {
			isa = XCBuildConfiguration;
			buildSettings = {
				ALWAYS_SEARCH_USER_PATHS = NO;
				CLANG_ANALYZER_NONNULL = YES;
				CLANG_ANALYZER_NUMBER_OBJECT_CONVERSION = YES_AGGRESSIVE;
				CLANG_CXX_LANGUAGE_STANDARD = "gnu++0x";
				CLANG_CXX_LIBRARY = "libc++";
				CLANG_ENABLE_MODULES = YES;
				CLANG_ENABLE_OBJC_ARC = YES;
				CLANG_WARN_BOOL_CONVERSION = YES;
				CLANG_WARN_CONSTANT_CONVERSION = YES;
				CLANG_WARN_DIRECT_OBJC_ISA_USAGE = YES_ERROR;
				CLANG_WARN_DOCUMENTATION_COMMENTS = YES;
				CLANG_WARN_EMPTY_BODY = YES;
				CLANG_WARN_ENUM_CONVERSION = YES;
				CLANG_WARN_INFINITE_RECURSION = YES;
				CLANG_WARN_INT_CONVERSION = YES;
				CLANG_WARN_OBJC_ROOT_CLASS = YES_ERROR;
				CLANG_WARN_SUSPICIOUS_MOVE = YES;
				CLANG_WARN_UNREACHABLE_CODE = YES;
				CLANG_WARN__DUPLICATE_METHOD_MATCH = YES;
				"CODE_SIGN_IDENTITY[sdk=iphoneos*]" = "iPhone Developer";
				COPY_PHASE_STRIP = NO;
				DEBUG_INFORMATION_FORMAT = dwarf;
				ENABLE_STRICT_OBJC_MSGSEND = YES;
				ENABLE_TESTABILITY = YES;
				GCC_C_LANGUAGE_STANDARD = gnu99;
				GCC_DYNAMIC_NO_PIC = NO;
				GCC_NO_COMMON_BLOCKS = YES;
				GCC_OPTIMIZATION_LEVEL = 0;
				GCC_PREPROCESSOR_DEFINITIONS = (
					"DEBUG=1",
					"$(inherited)",
				);
				GCC_WARN_64_TO_32_BIT_CONVERSION = YES;
				GCC_WARN_ABOUT_RETURN_TYPE = YES_ERROR;
				GCC_WARN_UNDECLARED_SELECTOR = YES;
				GCC_WARN_UNINITIALIZED_AUTOS = YES_AGGRESSIVE;
				GCC_WARN_UNUSED_FUNCTION = YES;
				GCC_WARN_UNUSED_VARIABLE = YES;
				IPHONEOS_DEPLOYMENT_TARGET = 10.3;
				MTL_ENABLE_DEBUG_INFO = YES;
				ONLY_ACTIVE_ARCH = YES;
				SDKROOT = iphoneos;
				TARGETED_DEVICE_FAMILY = "1,2";
			};
			name = Debug;
		};
		09EEE3D31F0107C5000152C0 /* Release */ = {
			isa = XCBuildConfiguration;
			buildSettings = {
				ALWAYS_SEARCH_USER_PATHS = NO;
				CLANG_ANALYZER_NONNULL = YES;
				CLANG_ANALYZER_NUMBER_OBJECT_CONVERSION = YES_AGGRESSIVE;
				CLANG_CXX_LANGUAGE_STANDARD = "gnu++0x";
				CLANG_CXX_LIBRARY = "libc++";
				CLANG_ENABLE_MODULES = YES;
				CLANG_ENABLE_OBJC_ARC = YES;
				CLANG_WARN_BOOL_CONVERSION = YES;
				CLANG_WARN_CONSTANT_CONVERSION = YES;
				CLANG_WARN_DIRECT_OBJC_ISA_USAGE = YES_ERROR;
				CLANG_WARN_DOCUMENTATION_COMMENTS = YES;
				CLANG_WARN_EMPTY_BODY = YES;
				CLANG_WARN_ENUM_CONVERSION = YES;
				CLANG_WARN_INFINITE_RECURSION = YES;
				CLANG_WARN_INT_CONVERSION = YES;
				CLANG_WARN_OBJC_ROOT_CLASS = YES_ERROR;
				CLANG_WARN_SUSPICIOUS_MOVE = YES;
				CLANG_WARN_UNREACHABLE_CODE = YES;
				CLANG_WARN__DUPLICATE_METHOD_MATCH = YES;
				"CODE_SIGN_IDENTITY[sdk=iphoneos*]" = "iPhone Developer";
				COPY_PHASE_STRIP = NO;
				DEBUG_INFORMATION_FORMAT = "dwarf-with-dsym";
				ENABLE_NS_ASSERTIONS = NO;
				ENABLE_STRICT_OBJC_MSGSEND = YES;
				GCC_C_LANGUAGE_STANDARD = gnu99;
				GCC_NO_COMMON_BLOCKS = YES;
				GCC_WARN_64_TO_32_BIT_CONVERSION = YES;
				GCC_WARN_ABOUT_RETURN_TYPE = YES_ERROR;
				GCC_WARN_UNDECLARED_SELECTOR = YES;
				GCC_WARN_UNINITIALIZED_AUTOS = YES_AGGRESSIVE;
				GCC_WARN_UNUSED_FUNCTION = YES;
				GCC_WARN_UNUSED_VARIABLE = YES;
				IPHONEOS_DEPLOYMENT_TARGET = 10.3;
				MTL_ENABLE_DEBUG_INFO = NO;
				SDKROOT = iphoneos;
				TARGETED_DEVICE_FAMILY = "1,2";
				VALIDATE_PRODUCT = YES;
			};
			name = Release;
		};
		09EEE3D51F0107C5000152C0 /* Debug */ = {
			isa = XCBuildConfiguration;
			buildSettings = {
				ASSETCATALOG_COMPILER_APPICON_NAME = AppIcon;
				ASSETCATALOG_COMPILER_LAUNCHIMAGE_NAME = LaunchImage;
				DEVELOPMENT_TEAM = 368DWFGUA5;
				INFOPLIST_FILE = QRCodeDemo/Info.plist;
				IPHONEOS_DEPLOYMENT_TARGET = 8.0;
				LD_RUNPATH_SEARCH_PATHS = "$(inherited) @executable_path/Frameworks";
				PRODUCT_BUNDLE_IDENTIFIER = com.jyw.QRCodeDemo;
				PRODUCT_NAME = "$(TARGET_NAME)";
			};
			name = Debug;
		};
		09EEE3D61F0107C5000152C0 /* Release */ = {
			isa = XCBuildConfiguration;
			buildSettings = {
				ASSETCATALOG_COMPILER_APPICON_NAME = AppIcon;
				ASSETCATALOG_COMPILER_LAUNCHIMAGE_NAME = LaunchImage;
				DEVELOPMENT_TEAM = 368DWFGUA5;
				INFOPLIST_FILE = QRCodeDemo/Info.plist;
				IPHONEOS_DEPLOYMENT_TARGET = 8.0;
				LD_RUNPATH_SEARCH_PATHS = "$(inherited) @executable_path/Frameworks";
				PRODUCT_BUNDLE_IDENTIFIER = com.jyw.QRCodeDemo;
				PRODUCT_NAME = "$(TARGET_NAME)";
			};
			name = Release;
		};
		09EEE3D81F0107C5000152C0 /* Debug */ = {
			isa = XCBuildConfiguration;
			buildSettings = {
				BUNDLE_LOADER = "$(TEST_HOST)";
				DEVELOPMENT_TEAM = 368DWFGUA5;
				INFOPLIST_FILE = QRCodeDemoTests/Info.plist;
				LD_RUNPATH_SEARCH_PATHS = "$(inherited) @executable_path/Frameworks @loader_path/Frameworks";
				PRODUCT_BUNDLE_IDENTIFIER = com.jyw.QRCodeDemoTests;
				PRODUCT_NAME = "$(TARGET_NAME)";
				TEST_HOST = "$(BUILT_PRODUCTS_DIR)/QRCodeDemo.app/QRCodeDemo";
			};
			name = Debug;
		};
		09EEE3D91F0107C5000152C0 /* Release */ = {
			isa = XCBuildConfiguration;
			buildSettings = {
				BUNDLE_LOADER = "$(TEST_HOST)";
				DEVELOPMENT_TEAM = 368DWFGUA5;
				INFOPLIST_FILE = QRCodeDemoTests/Info.plist;
				LD_RUNPATH_SEARCH_PATHS = "$(inherited) @executable_path/Frameworks @loader_path/Frameworks";
				PRODUCT_BUNDLE_IDENTIFIER = com.jyw.QRCodeDemoTests;
				PRODUCT_NAME = "$(TARGET_NAME)";
				TEST_HOST = "$(BUILT_PRODUCTS_DIR)/QRCodeDemo.app/QRCodeDemo";
			};
			name = Release;
		};
		09EEE3DB1F0107C5000152C0 /* Debug */ = {
			isa = XCBuildConfiguration;
			buildSettings = {
				DEVELOPMENT_TEAM = 368DWFGUA5;
				INFOPLIST_FILE = QRCodeDemoUITests/Info.plist;
				LD_RUNPATH_SEARCH_PATHS = "$(inherited) @executable_path/Frameworks @loader_path/Frameworks";
				PRODUCT_BUNDLE_IDENTIFIER = com.jyw.QRCodeDemoUITests;
				PRODUCT_NAME = "$(TARGET_NAME)";
				TEST_TARGET_NAME = QRCodeDemo;
			};
			name = Debug;
		};
		09EEE3DC1F0107C5000152C0 /* Release */ = {
			isa = XCBuildConfiguration;
			buildSettings = {
				DEVELOPMENT_TEAM = 368DWFGUA5;
				INFOPLIST_FILE = QRCodeDemoUITests/Info.plist;
				LD_RUNPATH_SEARCH_PATHS = "$(inherited) @executable_path/Frameworks @loader_path/Frameworks";
				PRODUCT_BUNDLE_IDENTIFIER = com.jyw.QRCodeDemoUITests;
				PRODUCT_NAME = "$(TARGET_NAME)";
				TEST_TARGET_NAME = QRCodeDemo;
			};
			name = Release;
		};
/* End XCBuildConfiguration section */

/* Begin XCConfigurationList section */
		09EEE3A21F0107C5000152C0 /* Build configuration list for PBXProject "QRCodeDemo" */ = {
			isa = XCConfigurationList;
			buildConfigurations = (
				09EEE3D21F0107C5000152C0 /* Debug */,
				09EEE3D31F0107C5000152C0 /* Release */,
			);
			defaultConfigurationIsVisible = 0;
			defaultConfigurationName = Release;
		};
		09EEE3D41F0107C5000152C0 /* Build configuration list for PBXNativeTarget "QRCodeDemo" */ = {
			isa = XCConfigurationList;
			buildConfigurations = (
				09EEE3D51F0107C5000152C0 /* Debug */,
				09EEE3D61F0107C5000152C0 /* Release */,
			);
			defaultConfigurationIsVisible = 0;
			defaultConfigurationName = Release;
		};
		09EEE3D71F0107C5000152C0 /* Build configuration list for PBXNativeTarget "QRCodeDemoTests" */ = {
			isa = XCConfigurationList;
			buildConfigurations = (
				09EEE3D81F0107C5000152C0 /* Debug */,
				09EEE3D91F0107C5000152C0 /* Release */,
			);
			defaultConfigurationIsVisible = 0;
			defaultConfigurationName = Release;
		};
		09EEE3DA1F0107C5000152C0 /* Build configuration list for PBXNativeTarget "QRCodeDemoUITests" */ = {
			isa = XCConfigurationList;
			buildConfigurations = (
				09EEE3DB1F0107C5000152C0 /* Debug */,
				09EEE3DC1F0107C5000152C0 /* Release */,
			);
			defaultConfigurationIsVisible = 0;
			defaultConfigurationName = Release;
		};
/* End XCConfigurationList section */
	};
	rootObject = 09EEE39F1F0107C5000152C0 /* Project object */;
}
